
Microsoft Visual Studio Solution File, Format Version 12.00
# Visual Studio 15
VisualStudioVersion = 15.0.26730.16
MinimumVisualStudioVersion = 10.0.40219.1
Project("{FAE04EC0-301F-11D3-BF4B-00C04F79EFBC}") = "BlogSystem.Web", "BlogSystem.Web\BlogSystem.Web.csproj", "{66FA507B-692A-4723-B45E-25ED181AD5CB}"
EndProject
Project("{2150E333-8FDC-42A3-9474-1A3956D46DE8}") = "Data", "Data", "{19025842-5605-4F2B-8D1E-6A2626EC75B6}"
EndProject
Project("{FAE04EC0-301F-11D3-BF4B-00C04F79EFBC}") = "BlogSystem.Data", "BlogSystem.Data\BlogSystem.Data.csproj", "{C204213D-871C-486C-8146-EABDC378F3DA}"
EndProject
Project("{FAE04EC0-301F-11D3-BF4B-00C04F79EFBC}") = "BlogSystem.Data.Model", "BlogSystem.Data.Model\BlogSystem.Data.Model.csproj", "{EDC546C1-CF4E-4A55-899D-F6D5D8ACA696}"
EndProject
Project("{2150E333-8FDC-42A3-9474-1A3956D46DE8}") = "Services", "Services", "{A1444F0A-5AD9-4EC0-A952-EC5E81447C0E}"
EndProject
Project("{FAE04EC0-301F-11D3-BF4B-00C04F79EFBC}") = "BlogSystem.Services", "BlogSystem.Services\BlogSystem.Services.csproj", "{86DE4C2C-B298-465F-8B9B-FD924CA5FD8A}"
EndProject
Project("{2150E333-8FDC-42A3-9474-1A3956D46DE8}") = "Web", "Web", "{3675D481-5719-42B4-A4F3-950D0641719D}"
EndProject
Project("{2150E333-8FDC-42A3-9474-1A3956D46DE8}") = "Common", "Common", "{86235806-839B-4D03-AD5F-C85ECE40F9D1}"
EndProject
Project("{FAE04EC0-301F-11D3-BF4B-00C04F79EFBC}") = "BlogSystem.Common", "BlogSystem.Common\BlogSystem.Common.csproj", "{33BD75AA-B217-48A4-80E3-F81AABDEDA1A}"
EndProject
Project("{FAE04EC0-301F-11D3-BF4B-00C04F79EFBC}") = "BlogSystem.Factories", "BlogSystem.Factories\BlogSystem.Factories.csproj", "{17C35CCF-265F-4903-B651-0CBCDA3A51B3}"
EndProject
Project("{2150E333-8FDC-42A3-9474-1A3956D46DE8}") = "Factories", "Factories", "{D300F07E-24E3-4398-8DB8-BF01D1D7E41A}"
EndProject
Project("{2150E333-8FDC-42A3-9474-1A3956D46DE8}") = "Providers", "Providers", "{F55D93F1-D66C-4F34-A592-3ECB280A5583}"
EndProject
Project("{FAE04EC0-301F-11D3-BF4B-00C04F79EFBC}") = "Providers", "Providers\Providers.csproj", "{F89BD50E-A4A6-4024-A8FA-10DF54308F4C}"
EndProject
Global
	GlobalSection(SolutionConfigurationPlatforms) = preSolution
		Debug|Any CPU = Debug|Any CPU
		Release|Any CPU = Release|Any CPU
	EndGlobalSection
	GlobalSection(ProjectConfigurationPlatforms) = postSolution
		{66FA507B-692A-4723-B45E-25ED181AD5CB}.Debug|Any CPU.ActiveCfg = Debug|Any CPU
		{66FA507B-692A-4723-B45E-25ED181AD5CB}.Debug|Any CPU.Build.0 = Debug|Any CPU
		{66FA507B-692A-4723-B45E-25ED181AD5CB}.Release|Any CPU.ActiveCfg = Release|Any CPU
		{66FA507B-692A-4723-B45E-25ED181AD5CB}.Release|Any CPU.Build.0 = Release|Any CPU
		{C204213D-871C-486C-8146-EABDC378F3DA}.Debug|Any CPU.ActiveCfg = Debug|Any CPU
		{C204213D-871C-486C-8146-EABDC378F3DA}.Debug|Any CPU.Build.0 = Debug|Any CPU
		{C204213D-871C-486C-8146-EABDC378F3DA}.Release|Any CPU.ActiveCfg = Release|Any CPU
		{C204213D-871C-486C-8146-EABDC378F3DA}.Release|Any CPU.Build.0 = Release|Any CPU
		{EDC546C1-CF4E-4A55-899D-F6D5D8ACA696}.Debug|Any CPU.ActiveCfg = Debug|Any CPU
		{EDC546C1-CF4E-4A55-899D-F6D5D8ACA696}.Debug|Any CPU.Build.0 = Debug|Any CPU
		{EDC546C1-CF4E-4A55-899D-F6D5D8ACA696}.Release|Any CPU.ActiveCfg = Release|Any CPU
		{EDC546C1-CF4E-4A55-899D-F6D5D8ACA696}.Release|Any CPU.Build.0 = Release|Any CPU
		{86DE4C2C-B298-465F-8B9B-FD924CA5FD8A}.Debug|Any CPU.ActiveCfg = Debug|Any CPU
		{86DE4C2C-B298-465F-8B9B-FD924CA5FD8A}.Debug|Any CPU.Build.0 = Debug|Any CPU
		{86DE4C2C-B298-465F-8B9B-FD924CA5FD8A}.Release|Any CPU.ActiveCfg = Release|Any CPU
		{86DE4C2C-B298-465F-8B9B-FD924CA5FD8A}.Release|Any CPU.Build.0 = Release|Any CPU
		{33BD75AA-B217-48A4-80E3-F81AABDEDA1A}.Debug|Any CPU.ActiveCfg = Debug|Any CPU
		{33BD75AA-B217-48A4-80E3-F81AABDEDA1A}.Debug|Any CPU.Build.0 = Debug|Any CPU
		{33BD75AA-B217-48A4-80E3-F81AABDEDA1A}.Release|Any CPU.ActiveCfg = Release|Any CPU
		{33BD75AA-B217-48A4-80E3-F81AABDEDA1A}.Release|Any CPU.Build.0 = Release|Any CPU
		{17C35CCF-265F-4903-B651-0CBCDA3A51B3}.Debug|Any CPU.ActiveCfg = Debug|Any CPU
		{17C35CCF-265F-4903-B651-0CBCDA3A51B3}.Debug|Any CPU.Build.0 = Debug|Any CPU
		{17C35CCF-265F-4903-B651-0CBCDA3A51B3}.Release|Any CPU.ActiveCfg = Release|Any CPU
		{17C35CCF-265F-4903-B651-0CBCDA3A51B3}.Release|Any CPU.Build.0 = Release|Any CPU
		{F89BD50E-A4A6-4024-A8FA-10DF54308F4C}.Debug|Any CPU.ActiveCfg = Debug|Any CPU
		{F89BD50E-A4A6-4024-A8FA-10DF54308F4C}.Debug|Any CPU.Build.0 = Debug|Any CPU
		{F89BD50E-A4A6-4024-A8FA-10DF54308F4C}.Release|Any CPU.ActiveCfg = Release|Any CPU
		{F89BD50E-A4A6-4024-A8FA-10DF54308F4C}.Release|Any CPU.Build.0 = Release|Any CPU
	EndGlobalSection
	GlobalSection(SolutionProperties) = preSolution
		HideSolutionNode = FALSE
	EndGlobalSection
	GlobalSection(NestedProjects) = preSolution
		{66FA507B-692A-4723-B45E-25ED181AD5CB} = {3675D481-5719-42B4-A4F3-950D0641719D}
		{C204213D-871C-486C-8146-EABDC378F3DA} = {19025842-5605-4F2B-8D1E-6A2626EC75B6}
		{EDC546C1-CF4E-4A55-899D-F6D5D8ACA696} = {19025842-5605-4F2B-8D1E-6A2626EC75B6}
		{86DE4C2C-B298-465F-8B9B-FD924CA5FD8A} = {A1444F0A-5AD9-4EC0-A952-EC5E81447C0E}
		{33BD75AA-B217-48A4-80E3-F81AABDEDA1A} = {86235806-839B-4D03-AD5F-C85ECE40F9D1}
		{17C35CCF-265F-4903-B651-0CBCDA3A51B3} = {D300F07E-24E3-4398-8DB8-BF01D1D7E41A}
		{F89BD50E-A4A6-4024-A8FA-10DF54308F4C} = {F55D93F1-D66C-4F34-A592-3ECB280A5583}
	EndGlobalSection
	GlobalSection(ExtensibilityGlobals) = postSolution
		SolutionGuid = {494C8027-821C-4C68-AEA9-C1291617517E}
	EndGlobalSection
EndGlobal
