
Microsoft Visual Studio Solution File, Format Version 12.00
# Visual Studio 15
VisualStudioVersion = 15.0.26730.16
MinimumVisualStudioVersion = 10.0.40219.1
Project("{FAE04EC0-301F-11D3-BF4B-00C04F79EFBC}") = "BlogSystem.Web", "BlogSystem.Web\BlogSystem.Web.csproj", "{66FA507B-692A-4723-B45E-25ED181AD5CB}"
EndProject
Project("{2150E333-8FDC-42A3-9474-1A3956D46DE8}") = "Data", "Data", "{19025842-5605-4F2B-8D1E-6A2626EC75B6}"
EndProject
Project("{FAE04EC0-301F-11D3-BF4B-00C04F79EFBC}") = "BlogSystem.Data", "BlogSystem.Data\BlogSystem.Data.csproj", "{C204213D-871C-486C-8146-EABDC378F3DA}"
EndProject
Project("{FAE04EC0-301F-11D3-BF4B-00C04F79EFBC}") = "BlogSystem.Data.Model", "BlogSystem.Data.Model\BlogSystem.Data.Model.csproj", "{EDC546C1-CF4E-4A55-899D-F6D5D8ACA696}"
EndProject
Global
	GlobalSection(SolutionConfigurationPlatforms) = preSolution
		Debug|Any CPU = Debug|Any CPU
		Release|Any CPU = Release|Any CPU
	EndGlobalSection
	GlobalSection(ProjectConfigurationPlatforms) = postSolution
		{66FA507B-692A-4723-B45E-25ED181AD5CB}.Debug|Any CPU.ActiveCfg = Debug|Any CPU
		{66FA507B-692A-4723-B45E-25ED181AD5CB}.Debug|Any CPU.Build.0 = Debug|Any CPU
		{66FA507B-692A-4723-B45E-25ED181AD5CB}.Release|Any CPU.ActiveCfg = Release|Any CPU
		{66FA507B-692A-4723-B45E-25ED181AD5CB}.Release|Any CPU.Build.0 = Release|Any CPU
		{C204213D-871C-486C-8146-EABDC378F3DA}.Debug|Any CPU.ActiveCfg = Debug|Any CPU
		{C204213D-871C-486C-8146-EABDC378F3DA}.Debug|Any CPU.Build.0 = Debug|Any CPU
		{C204213D-871C-486C-8146-EABDC378F3DA}.Release|Any CPU.ActiveCfg = Release|Any CPU
		{C204213D-871C-486C-8146-EABDC378F3DA}.Release|Any CPU.Build.0 = Release|Any CPU
		{EDC546C1-CF4E-4A55-899D-F6D5D8ACA696}.Debug|Any CPU.ActiveCfg = Debug|Any CPU
		{EDC546C1-CF4E-4A55-899D-F6D5D8ACA696}.Debug|Any CPU.Build.0 = Debug|Any CPU
		{EDC546C1-CF4E-4A55-899D-F6D5D8ACA696}.Release|Any CPU.ActiveCfg = Release|Any CPU
		{EDC546C1-CF4E-4A55-899D-F6D5D8ACA696}.Release|Any CPU.Build.0 = Release|Any CPU
	EndGlobalSection
	GlobalSection(SolutionProperties) = preSolution
		HideSolutionNode = FALSE
	EndGlobalSection
	GlobalSection(NestedProjects) = preSolution
		{C204213D-871C-486C-8146-EABDC378F3DA} = {19025842-5605-4F2B-8D1E-6A2626EC75B6}
		{EDC546C1-CF4E-4A55-899D-F6D5D8ACA696} = {19025842-5605-4F2B-8D1E-6A2626EC75B6}
	EndGlobalSection
	GlobalSection(ExtensibilityGlobals) = postSolution
		SolutionGuid = {494C8027-821C-4C68-AEA9-C1291617517E}
	EndGlobalSection
EndGlobal
